
Microsoft Visual Studio Solution File, Format Version 12.00
# Visual Studio 2013
VisualStudioVersion = 12.0.21005.1
MinimumVisualStudioVersion = 10.0.40219.1
Project("{FAE04EC0-301F-11D3-BF4B-00C04F79EFBC}") = "NetUtility.Application", "NetUtility.Application\NetUtility.Application.csproj", "{EB3E616B-7C41-4D69-A090-825F4CE3EC36}"
EndProject
Project("{FAE04EC0-301F-11D3-BF4B-00C04F79EFBC}") = "NetUtility", "NetUtility\NetUtility.csproj", "{72D7A9BB-B685-483E-B177-4489EC946596}"
EndProject
Project("{FAE04EC0-301F-11D3-BF4B-00C04F79EFBC}") = "NetUtility.Console", "NetUtility.Console\NetUtility.Console.csproj", "{1E43071E-301A-4A91-8BFC-0FA9409A48B1}"
EndProject
Global
	GlobalSection(SolutionConfigurationPlatforms) = preSolution
		Debug|Any CPU = Debug|Any CPU
		Release|Any CPU = Release|Any CPU
	EndGlobalSection
	GlobalSection(ProjectConfigurationPlatforms) = postSolution
		{EB3E616B-7C41-4D69-A090-825F4CE3EC36}.Debug|Any CPU.ActiveCfg = Debug|Any CPU
		{EB3E616B-7C41-4D69-A090-825F4CE3EC36}.Debug|Any CPU.Build.0 = Debug|Any CPU
		{EB3E616B-7C41-4D69-A090-825F4CE3EC36}.Release|Any CPU.ActiveCfg = Release|Any CPU
		{EB3E616B-7C41-4D69-A090-825F4CE3EC36}.Release|Any CPU.Build.0 = Release|Any CPU
		{72D7A9BB-B685-483E-B177-4489EC946596}.Debug|Any CPU.ActiveCfg = Debug|Any CPU
		{72D7A9BB-B685-483E-B177-4489EC946596}.Debug|Any CPU.Build.0 = Debug|Any CPU
		{72D7A9BB-B685-483E-B177-4489EC946596}.Release|Any CPU.ActiveCfg = Release|Any CPU
		{72D7A9BB-B685-483E-B177-4489EC946596}.Release|Any CPU.Build.0 = Release|Any CPU
		{1E43071E-301A-4A91-8BFC-0FA9409A48B1}.Debug|Any CPU.ActiveCfg = Debug|Any CPU
		{1E43071E-301A-4A91-8BFC-0FA9409A48B1}.Debug|Any CPU.Build.0 = Debug|Any CPU
		{1E43071E-301A-4A91-8BFC-0FA9409A48B1}.Release|Any CPU.ActiveCfg = Release|Any CPU
		{1E43071E-301A-4A91-8BFC-0FA9409A48B1}.Release|Any CPU.Build.0 = Release|Any CPU
	EndGlobalSection
	GlobalSection(SolutionProperties) = preSolution
		HideSolutionNode = FALSE
	EndGlobalSection
EndGlobal
